
Microsoft Visual Studio Solution File, Format Version 12.00
# Visual Studio Version 17
VisualStudioVersion = 17.13.35931.197 d17.13
MinimumVisualStudioVersion = 10.0.40219.1
Project("{FAE04EC0-301F-11D3-BF4B-00C04F79EFBC}") = "Hello_1.0.2", "Hello_1.0.2.csproj", "{2EBE6FFB-F61C-4F86-84FC-1D523494E5A6}"
EndProject
Global
	GlobalSection(SolutionConfigurationPlatforms) = preSolution
		Debug|Any CPU = Debug|Any CPU
		Release|Any CPU = Release|Any CPU
	EndGlobalSection
	GlobalSection(ProjectConfigurationPlatforms) = postSolution
		{2EBE6FFB-F61C-4F86-84FC-1D523494E5A6}.Debug|Any CPU.ActiveCfg = Debug|Any CPU
		{2EBE6FFB-F61C-4F86-84FC-1D523494E5A6}.Debug|Any CPU.Build.0 = Debug|Any CPU
		{2EBE6FFB-F61C-4F86-84FC-1D523494E5A6}.Release|Any CPU.ActiveCfg = Release|Any CPU
		{2EBE6FFB-F61C-4F86-84FC-1D523494E5A6}.Release|Any CPU.Build.0 = Release|Any CPU
	EndGlobalSection
	GlobalSection(SolutionProperties) = preSolution
		HideSolutionNode = FALSE
	EndGlobalSection
	GlobalSection(ExtensibilityGlobals) = postSolution
		SolutionGuid = {CA9EEEC2-B641-4B18-9CC3-0267CF4B1816}
	EndGlobalSection
EndGlobal
